
Microsoft Visual Studio Solution File, Format Version 12.00
# Visual Studio Version 17
VisualStudioVersion = 17.0.32112.339
MinimumVisualStudioVersion = 10.0.40219.1
Project("{2150E333-8FDC-42A3-9474-1A3956D46DE8}") = "services", "services", "{A7D695D5-F415-4F0D-800D-66952DAB2273}"
EndProject
Project("{2150E333-8FDC-42A3-9474-1A3956D46DE8}") = "catalog", "catalog", "{74717AC9-17C2-4FA1-A1D0-99D03D93095A}"
EndProject
Project("{9A19103F-16F7-4668-BE54-9A1E7A4F7556}") = "catalog.api", "services\catalog\catalog.api\catalog.api.csproj", "{9D089BC0-0EE6-4693-94BE-D3BD67D51C25}"
EndProject
Project("{E53339B2-1760-4266-BCC7-CA923CBCF16C}") = "docker-compose", "docker-compose.dcproj", "{9A1B2F71-51EC-4B9E-B8BF-E5E143D3B96F}"
EndProject
Project("{2150E333-8FDC-42A3-9474-1A3956D46DE8}") = "basket", "basket", "{C780B8BC-2886-4CB4-ACED-565967A802FC}"
EndProject
Project("{9A19103F-16F7-4668-BE54-9A1E7A4F7556}") = "basket.api", "services\basket\basket.api\basket.api.csproj", "{9E46B863-E246-4F91-A4C6-E1AFF9594D39}"
EndProject
Project("{2150E333-8FDC-42A3-9474-1A3956D46DE8}") = "discount", "discount", "{6B29D672-01DB-4C84-9A72-4B42A19261F6}"
EndProject
Project("{9A19103F-16F7-4668-BE54-9A1E7A4F7556}") = "discount.grpc", "services\discount\discount.grpc\discount.grpc.csproj", "{AB3BBC9B-51CE-4316-84DD-681C2ED92DE3}"
EndProject
Project("{9A19103F-16F7-4668-BE54-9A1E7A4F7556}") = "discount.api", "services\discount\discount.api\discount.api.csproj", "{4681E3A3-6B86-42E8-BCCB-2DBD10FF9FE5}"
EndProject
Project("{2150E333-8FDC-42A3-9474-1A3956D46DE8}") = "ordering", "ordering", "{527F173D-A328-49BC-8FC0-1499EADCD0BF}"
EndProject
Project("{9A19103F-16F7-4668-BE54-9A1E7A4F7556}") = "ordering.api", "services\ordering\ordering.api\ordering.api.csproj", "{84FA7FFA-7BDC-4732-8B83-D406718E457D}"
EndProject
Project("{9A19103F-16F7-4668-BE54-9A1E7A4F7556}") = "ordering.domain", "services\ordering\ordering.domain\ordering.domain.csproj", "{45F835D9-3EA8-47FF-B55F-2658E066C769}"
EndProject
Project("{9A19103F-16F7-4668-BE54-9A1E7A4F7556}") = "ordering.application", "services\ordering\ordering.application\ordering.application.csproj", "{42EF9A6D-0E4A-40BD-B1FB-2AF314E511FE}"
EndProject
Project("{9A19103F-16F7-4668-BE54-9A1E7A4F7556}") = "ordering.infrastructure", "services\ordering\ordering.infrastructure\ordering.infrastructure.csproj", "{9BF6DC2F-D523-4FC2-8693-13E3B094320A}"
EndProject
Project("{2150E333-8FDC-42A3-9474-1A3956D46DE8}") = "common", "common", "{CFA2C1E9-2A15-4D27-BA57-0AF733F8AB7B}"
EndProject
Project("{FAE04EC0-301F-11D3-BF4B-00C04F79EFBC}") = "EventBus.Messages", "common\EventBus.Messages\EventBus.Messages.csproj", "{CAD49CA7-007F-4A1F-9DD6-B81F3CC8F2FD}"
EndProject
Global
	GlobalSection(SolutionConfigurationPlatforms) = preSolution
		Debug|Any CPU = Debug|Any CPU
		Release|Any CPU = Release|Any CPU
	EndGlobalSection
	GlobalSection(ProjectConfigurationPlatforms) = postSolution
		{9D089BC0-0EE6-4693-94BE-D3BD67D51C25}.Debug|Any CPU.ActiveCfg = Debug|Any CPU
		{9D089BC0-0EE6-4693-94BE-D3BD67D51C25}.Debug|Any CPU.Build.0 = Debug|Any CPU
		{9D089BC0-0EE6-4693-94BE-D3BD67D51C25}.Release|Any CPU.ActiveCfg = Release|Any CPU
		{9D089BC0-0EE6-4693-94BE-D3BD67D51C25}.Release|Any CPU.Build.0 = Release|Any CPU
		{9A1B2F71-51EC-4B9E-B8BF-E5E143D3B96F}.Debug|Any CPU.ActiveCfg = Debug|Any CPU
		{9A1B2F71-51EC-4B9E-B8BF-E5E143D3B96F}.Debug|Any CPU.Build.0 = Debug|Any CPU
		{9A1B2F71-51EC-4B9E-B8BF-E5E143D3B96F}.Release|Any CPU.ActiveCfg = Release|Any CPU
		{9A1B2F71-51EC-4B9E-B8BF-E5E143D3B96F}.Release|Any CPU.Build.0 = Release|Any CPU
		{9E46B863-E246-4F91-A4C6-E1AFF9594D39}.Debug|Any CPU.ActiveCfg = Debug|Any CPU
		{9E46B863-E246-4F91-A4C6-E1AFF9594D39}.Debug|Any CPU.Build.0 = Debug|Any CPU
		{9E46B863-E246-4F91-A4C6-E1AFF9594D39}.Release|Any CPU.ActiveCfg = Release|Any CPU
		{9E46B863-E246-4F91-A4C6-E1AFF9594D39}.Release|Any CPU.Build.0 = Release|Any CPU
		{AB3BBC9B-51CE-4316-84DD-681C2ED92DE3}.Debug|Any CPU.ActiveCfg = Debug|Any CPU
		{AB3BBC9B-51CE-4316-84DD-681C2ED92DE3}.Debug|Any CPU.Build.0 = Debug|Any CPU
		{AB3BBC9B-51CE-4316-84DD-681C2ED92DE3}.Release|Any CPU.ActiveCfg = Release|Any CPU
		{AB3BBC9B-51CE-4316-84DD-681C2ED92DE3}.Release|Any CPU.Build.0 = Release|Any CPU
		{4681E3A3-6B86-42E8-BCCB-2DBD10FF9FE5}.Debug|Any CPU.ActiveCfg = Debug|Any CPU
		{4681E3A3-6B86-42E8-BCCB-2DBD10FF9FE5}.Debug|Any CPU.Build.0 = Debug|Any CPU
		{4681E3A3-6B86-42E8-BCCB-2DBD10FF9FE5}.Release|Any CPU.ActiveCfg = Release|Any CPU
		{4681E3A3-6B86-42E8-BCCB-2DBD10FF9FE5}.Release|Any CPU.Build.0 = Release|Any CPU
		{84FA7FFA-7BDC-4732-8B83-D406718E457D}.Debug|Any CPU.ActiveCfg = Debug|Any CPU
		{84FA7FFA-7BDC-4732-8B83-D406718E457D}.Debug|Any CPU.Build.0 = Debug|Any CPU
		{84FA7FFA-7BDC-4732-8B83-D406718E457D}.Release|Any CPU.ActiveCfg = Release|Any CPU
		{84FA7FFA-7BDC-4732-8B83-D406718E457D}.Release|Any CPU.Build.0 = Release|Any CPU
		{45F835D9-3EA8-47FF-B55F-2658E066C769}.Debug|Any CPU.ActiveCfg = Debug|Any CPU
		{45F835D9-3EA8-47FF-B55F-2658E066C769}.Debug|Any CPU.Build.0 = Debug|Any CPU
		{45F835D9-3EA8-47FF-B55F-2658E066C769}.Release|Any CPU.ActiveCfg = Release|Any CPU
		{45F835D9-3EA8-47FF-B55F-2658E066C769}.Release|Any CPU.Build.0 = Release|Any CPU
		{42EF9A6D-0E4A-40BD-B1FB-2AF314E511FE}.Debug|Any CPU.ActiveCfg = Debug|Any CPU
		{42EF9A6D-0E4A-40BD-B1FB-2AF314E511FE}.Debug|Any CPU.Build.0 = Debug|Any CPU
		{42EF9A6D-0E4A-40BD-B1FB-2AF314E511FE}.Release|Any CPU.ActiveCfg = Release|Any CPU
		{42EF9A6D-0E4A-40BD-B1FB-2AF314E511FE}.Release|Any CPU.Build.0 = Release|Any CPU
		{9BF6DC2F-D523-4FC2-8693-13E3B094320A}.Debug|Any CPU.ActiveCfg = Debug|Any CPU
		{9BF6DC2F-D523-4FC2-8693-13E3B094320A}.Debug|Any CPU.Build.0 = Debug|Any CPU
		{9BF6DC2F-D523-4FC2-8693-13E3B094320A}.Release|Any CPU.ActiveCfg = Release|Any CPU
		{9BF6DC2F-D523-4FC2-8693-13E3B094320A}.Release|Any CPU.Build.0 = Release|Any CPU
		{CAD49CA7-007F-4A1F-9DD6-B81F3CC8F2FD}.Debug|Any CPU.ActiveCfg = Debug|Any CPU
		{CAD49CA7-007F-4A1F-9DD6-B81F3CC8F2FD}.Debug|Any CPU.Build.0 = Debug|Any CPU
		{CAD49CA7-007F-4A1F-9DD6-B81F3CC8F2FD}.Release|Any CPU.ActiveCfg = Release|Any CPU
		{CAD49CA7-007F-4A1F-9DD6-B81F3CC8F2FD}.Release|Any CPU.Build.0 = Release|Any CPU
	EndGlobalSection
	GlobalSection(SolutionProperties) = preSolution
		HideSolutionNode = FALSE
	EndGlobalSection
	GlobalSection(NestedProjects) = preSolution
		{74717AC9-17C2-4FA1-A1D0-99D03D93095A} = {A7D695D5-F415-4F0D-800D-66952DAB2273}
		{9D089BC0-0EE6-4693-94BE-D3BD67D51C25} = {74717AC9-17C2-4FA1-A1D0-99D03D93095A}
		{C780B8BC-2886-4CB4-ACED-565967A802FC} = {A7D695D5-F415-4F0D-800D-66952DAB2273}
		{9E46B863-E246-4F91-A4C6-E1AFF9594D39} = {C780B8BC-2886-4CB4-ACED-565967A802FC}
		{6B29D672-01DB-4C84-9A72-4B42A19261F6} = {A7D695D5-F415-4F0D-800D-66952DAB2273}
		{AB3BBC9B-51CE-4316-84DD-681C2ED92DE3} = {6B29D672-01DB-4C84-9A72-4B42A19261F6}
		{4681E3A3-6B86-42E8-BCCB-2DBD10FF9FE5} = {6B29D672-01DB-4C84-9A72-4B42A19261F6}
		{527F173D-A328-49BC-8FC0-1499EADCD0BF} = {A7D695D5-F415-4F0D-800D-66952DAB2273}
		{84FA7FFA-7BDC-4732-8B83-D406718E457D} = {527F173D-A328-49BC-8FC0-1499EADCD0BF}
		{45F835D9-3EA8-47FF-B55F-2658E066C769} = {527F173D-A328-49BC-8FC0-1499EADCD0BF}
		{42EF9A6D-0E4A-40BD-B1FB-2AF314E511FE} = {527F173D-A328-49BC-8FC0-1499EADCD0BF}
		{9BF6DC2F-D523-4FC2-8693-13E3B094320A} = {527F173D-A328-49BC-8FC0-1499EADCD0BF}
		{CAD49CA7-007F-4A1F-9DD6-B81F3CC8F2FD} = {CFA2C1E9-2A15-4D27-BA57-0AF733F8AB7B}
	EndGlobalSection
	GlobalSection(ExtensibilityGlobals) = postSolution
		SolutionGuid = {65B7D4F3-28F0-491A-93CF-8B9ECD6002BD}
	EndGlobalSection
EndGlobal
